
Microsoft Visual Studio Solution File, Format Version 12.00
# Visual Studio Version 16
VisualStudioVersion = 16.0.31624.102
MinimumVisualStudioVersion = 10.0.40219.1
Project("{8BC9CEB8-8B4A-11D0-8D11-00A0C91BC942}") = "OOP1.8", "OOP1.8.vcxproj", "{B9A7DD91-505F-48BE-9DF4-6C26806ECE36}"
EndProject
Project("{8BC9CEB8-8B4A-11D0-8D11-00A0C91BC942}") = "Test1.8", "..\Test1.8\Test1.8.vcxproj", "{498A6507-A6AE-4A4A-9D2B-E5278A8D319A}"
EndProject
Global
	GlobalSection(SolutionConfigurationPlatforms) = preSolution
		Debug|x64 = Debug|x64
		Debug|x86 = Debug|x86
		Release|x64 = Release|x64
		Release|x86 = Release|x86
	EndGlobalSection
	GlobalSection(ProjectConfigurationPlatforms) = postSolution
		{B9A7DD91-505F-48BE-9DF4-6C26806ECE36}.Debug|x64.ActiveCfg = Debug|x64
		{B9A7DD91-505F-48BE-9DF4-6C26806ECE36}.Debug|x64.Build.0 = Debug|x64
		{B9A7DD91-505F-48BE-9DF4-6C26806ECE36}.Debug|x86.ActiveCfg = Debug|Win32
		{B9A7DD91-505F-48BE-9DF4-6C26806ECE36}.Debug|x86.Build.0 = Debug|Win32
		{B9A7DD91-505F-48BE-9DF4-6C26806ECE36}.Release|x64.ActiveCfg = Release|x64
		{B9A7DD91-505F-48BE-9DF4-6C26806ECE36}.Release|x64.Build.0 = Release|x64
		{B9A7DD91-505F-48BE-9DF4-6C26806ECE36}.Release|x86.ActiveCfg = Release|Win32
		{B9A7DD91-505F-48BE-9DF4-6C26806ECE36}.Release|x86.Build.0 = Release|Win32
		{498A6507-A6AE-4A4A-9D2B-E5278A8D319A}.Debug|x64.ActiveCfg = Debug|x64
		{498A6507-A6AE-4A4A-9D2B-E5278A8D319A}.Debug|x64.Build.0 = Debug|x64
		{498A6507-A6AE-4A4A-9D2B-E5278A8D319A}.Debug|x86.ActiveCfg = Debug|Win32
		{498A6507-A6AE-4A4A-9D2B-E5278A8D319A}.Debug|x86.Build.0 = Debug|Win32
		{498A6507-A6AE-4A4A-9D2B-E5278A8D319A}.Release|x64.ActiveCfg = Release|x64
		{498A6507-A6AE-4A4A-9D2B-E5278A8D319A}.Release|x64.Build.0 = Release|x64
		{498A6507-A6AE-4A4A-9D2B-E5278A8D319A}.Release|x86.ActiveCfg = Release|Win32
		{498A6507-A6AE-4A4A-9D2B-E5278A8D319A}.Release|x86.Build.0 = Release|Win32
	EndGlobalSection
	GlobalSection(SolutionProperties) = preSolution
		HideSolutionNode = FALSE
	EndGlobalSection
	GlobalSection(ExtensibilityGlobals) = postSolution
		SolutionGuid = {795079B2-77D8-4340-989B-C9D6648DB159}
	EndGlobalSection
EndGlobal
